
Microsoft Visual Studio Solution File, Format Version 12.00
# Visual Studio Version 16
VisualStudioVersion = 16.0.30413.136
MinimumVisualStudioVersion = 10.0.40219.1
Project("{FAE04EC0-301F-11D3-BF4B-00C04F79EFBC}") = "Entidades", "Entidades\Entidades.csproj", "{981F4782-5749-4B19-9560-644D5C4A0D29}"
EndProject
Project("{FAE04EC0-301F-11D3-BF4B-00C04F79EFBC}") = "Hospital", "Hospital\Hospital.csproj", "{29D7E81A-F690-445F-80BD-257F93D9E0BD}"
EndProject
Global
	GlobalSection(SolutionConfigurationPlatforms) = preSolution
		Debug|Any CPU = Debug|Any CPU
		Release|Any CPU = Release|Any CPU
	EndGlobalSection
	GlobalSection(ProjectConfigurationPlatforms) = postSolution
		{981F4782-5749-4B19-9560-644D5C4A0D29}.Debug|Any CPU.ActiveCfg = Debug|Any CPU
		{981F4782-5749-4B19-9560-644D5C4A0D29}.Debug|Any CPU.Build.0 = Debug|Any CPU
		{981F4782-5749-4B19-9560-644D5C4A0D29}.Release|Any CPU.ActiveCfg = Release|Any CPU
		{981F4782-5749-4B19-9560-644D5C4A0D29}.Release|Any CPU.Build.0 = Release|Any CPU
		{29D7E81A-F690-445F-80BD-257F93D9E0BD}.Debug|Any CPU.ActiveCfg = Debug|Any CPU
		{29D7E81A-F690-445F-80BD-257F93D9E0BD}.Debug|Any CPU.Build.0 = Debug|Any CPU
		{29D7E81A-F690-445F-80BD-257F93D9E0BD}.Release|Any CPU.ActiveCfg = Release|Any CPU
		{29D7E81A-F690-445F-80BD-257F93D9E0BD}.Release|Any CPU.Build.0 = Release|Any CPU
	EndGlobalSection
	GlobalSection(SolutionProperties) = preSolution
		HideSolutionNode = FALSE
	EndGlobalSection
	GlobalSection(ExtensibilityGlobals) = postSolution
		SolutionGuid = {66BBFF7B-6699-49BC-A863-0B74B130AF2C}
	EndGlobalSection
EndGlobal
