
Microsoft Visual Studio Solution File, Format Version 12.00
# Visual Studio Version 16
VisualStudioVersion = 16.0.30413.136
MinimumVisualStudioVersion = 10.0.40219.1
Project("{FAE04EC0-301F-11D3-BF4B-00C04F79EFBC}") = "Clase 5", "Clase 5.csproj", "{132C34B2-D543-443F-BD11-4228C7A7C561}"
EndProject
Global
	GlobalSection(SolutionConfigurationPlatforms) = preSolution
		Debug|Any CPU = Debug|Any CPU
		Release|Any CPU = Release|Any CPU
	EndGlobalSection
	GlobalSection(ProjectConfigurationPlatforms) = postSolution
		{132C34B2-D543-443F-BD11-4228C7A7C561}.Debug|Any CPU.ActiveCfg = Debug|Any CPU
		{132C34B2-D543-443F-BD11-4228C7A7C561}.Debug|Any CPU.Build.0 = Debug|Any CPU
		{132C34B2-D543-443F-BD11-4228C7A7C561}.Release|Any CPU.ActiveCfg = Release|Any CPU
		{132C34B2-D543-443F-BD11-4228C7A7C561}.Release|Any CPU.Build.0 = Release|Any CPU
	EndGlobalSection
	GlobalSection(SolutionProperties) = preSolution
		HideSolutionNode = FALSE
	EndGlobalSection
	GlobalSection(ExtensibilityGlobals) = postSolution
		SolutionGuid = {D513134D-D654-4E89-8D84-8932277BD4A6}
	EndGlobalSection
EndGlobal
