
Microsoft Visual Studio Solution File, Format Version 12.00
# Visual Studio Version 16
VisualStudioVersion = 16.0.30517.126
MinimumVisualStudioVersion = 10.0.40219.1
Project("{FAE04EC0-301F-11D3-BF4B-00C04F79EFBC}") = "Entidades", "Entidades\Entidades.csproj", "{0E5587EF-3C0F-404C-89AC-D17027FE8F4F}"
EndProject
Project("{FAE04EC0-301F-11D3-BF4B-00C04F79EFBC}") = "Forms", "FrmLogin\Forms.csproj", "{09F145E3-5CA4-46D6-9F0F-E38DBD037B26}"
EndProject
Global
	GlobalSection(SolutionConfigurationPlatforms) = preSolution
		Debug|Any CPU = Debug|Any CPU
		Release|Any CPU = Release|Any CPU
	EndGlobalSection
	GlobalSection(ProjectConfigurationPlatforms) = postSolution
		{0E5587EF-3C0F-404C-89AC-D17027FE8F4F}.Debug|Any CPU.ActiveCfg = Debug|Any CPU
		{0E5587EF-3C0F-404C-89AC-D17027FE8F4F}.Debug|Any CPU.Build.0 = Debug|Any CPU
		{0E5587EF-3C0F-404C-89AC-D17027FE8F4F}.Release|Any CPU.ActiveCfg = Release|Any CPU
		{0E5587EF-3C0F-404C-89AC-D17027FE8F4F}.Release|Any CPU.Build.0 = Release|Any CPU
		{09F145E3-5CA4-46D6-9F0F-E38DBD037B26}.Debug|Any CPU.ActiveCfg = Debug|Any CPU
		{09F145E3-5CA4-46D6-9F0F-E38DBD037B26}.Debug|Any CPU.Build.0 = Debug|Any CPU
		{09F145E3-5CA4-46D6-9F0F-E38DBD037B26}.Release|Any CPU.ActiveCfg = Release|Any CPU
		{09F145E3-5CA4-46D6-9F0F-E38DBD037B26}.Release|Any CPU.Build.0 = Release|Any CPU
	EndGlobalSection
	GlobalSection(SolutionProperties) = preSolution
		HideSolutionNode = FALSE
	EndGlobalSection
	GlobalSection(ExtensibilityGlobals) = postSolution
		SolutionGuid = {68B54340-B0E5-43A0-968E-5783E8708A04}
	EndGlobalSection
EndGlobal
