
Microsoft Visual Studio Solution File, Format Version 12.00
# Visual Studio Version 16
VisualStudioVersion = 16.0.30413.136
MinimumVisualStudioVersion = 10.0.40219.1
Project("{FAE04EC0-301F-11D3-BF4B-00C04F79EFBC}") = "Clase1", "Clase1.csproj", "{7EA4A2CA-CC81-481F-9975-29FA7ECA7D48}"
EndProject
Global
	GlobalSection(SolutionConfigurationPlatforms) = preSolution
		Debug|Any CPU = Debug|Any CPU
		Release|Any CPU = Release|Any CPU
	EndGlobalSection
	GlobalSection(ProjectConfigurationPlatforms) = postSolution
		{7EA4A2CA-CC81-481F-9975-29FA7ECA7D48}.Debug|Any CPU.ActiveCfg = Debug|Any CPU
		{7EA4A2CA-CC81-481F-9975-29FA7ECA7D48}.Debug|Any CPU.Build.0 = Debug|Any CPU
		{7EA4A2CA-CC81-481F-9975-29FA7ECA7D48}.Release|Any CPU.ActiveCfg = Release|Any CPU
		{7EA4A2CA-CC81-481F-9975-29FA7ECA7D48}.Release|Any CPU.Build.0 = Release|Any CPU
	EndGlobalSection
	GlobalSection(SolutionProperties) = preSolution
		HideSolutionNode = FALSE
	EndGlobalSection
	GlobalSection(ExtensibilityGlobals) = postSolution
		SolutionGuid = {77B97D20-7B17-46A5-9713-714F8741628D}
	EndGlobalSection
EndGlobal
