
Microsoft Visual Studio Solution File, Format Version 12.00
# Visual Studio Version 16
VisualStudioVersion = 16.0.30413.136
MinimumVisualStudioVersion = 10.0.40219.1
Project("{FAE04EC0-301F-11D3-BF4B-00C04F79EFBC}") = "EjercicioIntegrador", "EjercicioIntegrador.csproj", "{A0461431-B625-4769-9B3E-1A6911526C47}"
EndProject
Global
	GlobalSection(SolutionConfigurationPlatforms) = preSolution
		Debug|Any CPU = Debug|Any CPU
		Release|Any CPU = Release|Any CPU
	EndGlobalSection
	GlobalSection(ProjectConfigurationPlatforms) = postSolution
		{A0461431-B625-4769-9B3E-1A6911526C47}.Debug|Any CPU.ActiveCfg = Debug|Any CPU
		{A0461431-B625-4769-9B3E-1A6911526C47}.Debug|Any CPU.Build.0 = Debug|Any CPU
		{A0461431-B625-4769-9B3E-1A6911526C47}.Release|Any CPU.ActiveCfg = Release|Any CPU
		{A0461431-B625-4769-9B3E-1A6911526C47}.Release|Any CPU.Build.0 = Release|Any CPU
	EndGlobalSection
	GlobalSection(SolutionProperties) = preSolution
		HideSolutionNode = FALSE
	EndGlobalSection
	GlobalSection(ExtensibilityGlobals) = postSolution
		SolutionGuid = {5165271A-41CD-470F-A3E0-9C90BFEA4625}
	EndGlobalSection
EndGlobal
